// !$*UTF8*$!
{
	archiveVersion = 1;
	classes = {
	};
	objectVersion = 56;
	objects = {

/* Begin PBXBuildFile section */
		0B7D90A72BC70F7E00803DA2 /* NasaApp.swift in Sources */ = {isa = PBXBuildFile; fileRef = 0B7D90A62BC70F7E00803DA2 /* NasaApp.swift */; };
		0B7D90A92BC70F7E00803DA2 /* ContentView.swift in Sources */ = {isa = PBXBuildFile; fileRef = 0B7D90A82BC70F7E00803DA2 /* ContentView.swift */; };
		0B7D90AB2BC70F8000803DA2 /* Assets.xcassets in Resources */ = {isa = PBXBuildFile; fileRef = 0B7D90AA2BC70F8000803DA2 /* Assets.xcassets */; };
		0B7D90AF2BC70F8000803DA2 /* Preview Assets.xcassets in Resources */ = {isa = PBXBuildFile; fileRef = 0B7D90AE2BC70F8000803DA2 /* Preview Assets.xcassets */; };
		0B7D90B92BC70F8000803DA2 /* NasaTests.swift in Sources */ = {isa = PBXBuildFile; fileRef = 0B7D90B82BC70F8000803DA2 /* NasaTests.swift */; };
		0B7D90C32BC70F8000803DA2 /* NasaUITests.swift in Sources */ = {isa = PBXBuildFile; fileRef = 0B7D90C22BC70F8000803DA2 /* NasaUITests.swift */; };
		0B7D90C52BC70F8000803DA2 /* NasaUITestsLaunchTests.swift in Sources */ = {isa = PBXBuildFile; fileRef = 0B7D90C42BC70F8000803DA2 /* NasaUITestsLaunchTests.swift */; };
		175AF14BF07B336B2310FF00 /* Pods_NasaTests.framework in Frameworks */ = {isa = PBXBuildFile; fileRef = 698E390DB539141E0EA9E8A5 /* Pods_NasaTests.framework */; };
		8FCBE19B8D9B8699E6A50C98 /* Pods_Nasa.framework in Frameworks */ = {isa = PBXBuildFile; fileRef = 5D2B01B6B8EAAC6EF15267A4 /* Pods_Nasa.framework */; };
		B7C63EEA1DDE45CE7CEC6084 /* Pods_Nasa_NasaUITests.framework in Frameworks */ = {isa = PBXBuildFile; fileRef = 744B0B88B31A56BC022412D4 /* Pods_Nasa_NasaUITests.framework */; };
/* End PBXBuildFile section */

/* Begin PBXContainerItemProxy section */
		0B7D90B52BC70F8000803DA2 /* PBXContainerItemProxy */ = {
			isa = PBXContainerItemProxy;
			containerPortal = 0B7D909B2BC70F7E00803DA2 /* Project object */;
			proxyType = 1;
			remoteGlobalIDString = 0B7D90A22BC70F7E00803DA2;
			remoteInfo = Nasa;
		};
		0B7D90BF2BC70F8000803DA2 /* PBXContainerItemProxy */ = {
			isa = PBXContainerItemProxy;
			containerPortal = 0B7D909B2BC70F7E00803DA2 /* Project object */;
			proxyType = 1;
			remoteGlobalIDString = 0B7D90A22BC70F7E00803DA2;
			remoteInfo = Nasa;
		};
/* End PBXContainerItemProxy section */

/* Begin PBXFileReference section */
		0868A1E344E394E931F5615C /* Pods-Nasa.release.xcconfig */ = {isa = PBXFileReference; includeInIndex = 1; lastKnownFileType = text.xcconfig; name = "Pods-Nasa.release.xcconfig"; path = "Target Support Files/Pods-Nasa/Pods-Nasa.release.xcconfig"; sourceTree = "<group>"; };
		0B7D90A32BC70F7E00803DA2 /* Nasa.app */ = {isa = PBXFileReference; explicitFileType = wrapper.application; includeInIndex = 0; path = Nasa.app; sourceTree = BUILT_PRODUCTS_DIR; };
		0B7D90A62BC70F7E00803DA2 /* NasaApp.swift */ = {isa = PBXFileReference; lastKnownFileType = sourcecode.swift; path = NasaApp.swift; sourceTree = "<group>"; };
		0B7D90A82BC70F7E00803DA2 /* ContentView.swift */ = {isa = PBXFileReference; lastKnownFileType = sourcecode.swift; path = ContentView.swift; sourceTree = "<group>"; };
		0B7D90AA2BC70F8000803DA2 /* Assets.xcassets */ = {isa = PBXFileReference; lastKnownFileType = folder.assetcatalog; path = Assets.xcassets; sourceTree = "<group>"; };
		0B7D90AC2BC70F8000803DA2 /* Nasa.entitlements */ = {isa = PBXFileReference; lastKnownFileType = text.plist.entitlements; path = Nasa.entitlements; sourceTree = "<group>"; };
		0B7D90AE2BC70F8000803DA2 /* Preview Assets.xcassets */ = {isa = PBXFileReference; lastKnownFileType = folder.assetcatalog; path = "Preview Assets.xcassets"; sourceTree = "<group>"; };
		0B7D90B42BC70F8000803DA2 /* NasaTests.xctest */ = {isa = PBXFileReference; explicitFileType = wrapper.cfbundle; includeInIndex = 0; path = NasaTests.xctest; sourceTree = BUILT_PRODUCTS_DIR; };
		0B7D90B82BC70F8000803DA2 /* NasaTests.swift */ = {isa = PBXFileReference; lastKnownFileType = sourcecode.swift; path = NasaTests.swift; sourceTree = "<group>"; };
		0B7D90BE2BC70F8000803DA2 /* NasaUITests.xctest */ = {isa = PBXFileReference; explicitFileType = wrapper.cfbundle; includeInIndex = 0; path = NasaUITests.xctest; sourceTree = BUILT_PRODUCTS_DIR; };
		0B7D90C22BC70F8000803DA2 /* NasaUITests.swift */ = {isa = PBXFileReference; lastKnownFileType = sourcecode.swift; path = NasaUITests.swift; sourceTree = "<group>"; };
		0B7D90C42BC70F8000803DA2 /* NasaUITestsLaunchTests.swift */ = {isa = PBXFileReference; lastKnownFileType = sourcecode.swift; path = NasaUITestsLaunchTests.swift; sourceTree = "<group>"; };
		219ECF2C08BA8EC444000D5C /* Pods-Nasa.debug.xcconfig */ = {isa = PBXFileReference; includeInIndex = 1; lastKnownFileType = text.xcconfig; name = "Pods-Nasa.debug.xcconfig"; path = "Target Support Files/Pods-Nasa/Pods-Nasa.debug.xcconfig"; sourceTree = "<group>"; };
		433B9033A29D47392082E9CC /* Pods-NasaTests.debug.xcconfig */ = {isa = PBXFileReference; includeInIndex = 1; lastKnownFileType = text.xcconfig; name = "Pods-NasaTests.debug.xcconfig"; path = "Target Support Files/Pods-NasaTests/Pods-NasaTests.debug.xcconfig"; sourceTree = "<group>"; };
		58F4EA7CDCF57E6DAA156A02 /* Pods-Nasa-NasaUITests.release.xcconfig */ = {isa = PBXFileReference; includeInIndex = 1; lastKnownFileType = text.xcconfig; name = "Pods-Nasa-NasaUITests.release.xcconfig"; path = "Target Support Files/Pods-Nasa-NasaUITests/Pods-Nasa-NasaUITests.release.xcconfig"; sourceTree = "<group>"; };
		5D2B01B6B8EAAC6EF15267A4 /* Pods_Nasa.framework */ = {isa = PBXFileReference; explicitFileType = wrapper.framework; includeInIndex = 0; path = Pods_Nasa.framework; sourceTree = BUILT_PRODUCTS_DIR; };
		698E390DB539141E0EA9E8A5 /* Pods_NasaTests.framework */ = {isa = PBXFileReference; explicitFileType = wrapper.framework; includeInIndex = 0; path = Pods_NasaTests.framework; sourceTree = BUILT_PRODUCTS_DIR; };
		744B0B88B31A56BC022412D4 /* Pods_Nasa_NasaUITests.framework */ = {isa = PBXFileReference; explicitFileType = wrapper.framework; includeInIndex = 0; path = Pods_Nasa_NasaUITests.framework; sourceTree = BUILT_PRODUCTS_DIR; };
		C519BD843E8D3737618DB28B /* Pods-Nasa-NasaUITests.debug.xcconfig */ = {isa = PBXFileReference; includeInIndex = 1; lastKnownFileType = text.xcconfig; name = "Pods-Nasa-NasaUITests.debug.xcconfig"; path = "Target Support Files/Pods-Nasa-NasaUITests/Pods-Nasa-NasaUITests.debug.xcconfig"; sourceTree = "<group>"; };
		DAAD0239501EAF4D634ABA9E /* Pods-NasaTests.release.xcconfig */ = {isa = PBXFileReference; includeInIndex = 1; lastKnownFileType = text.xcconfig; name = "Pods-NasaTests.release.xcconfig"; path = "Target Support Files/Pods-NasaTests/Pods-NasaTests.release.xcconfig"; sourceTree = "<group>"; };
/* End PBXFileReference section */

/* Begin PBXFrameworksBuildPhase section */
		0B7D90A02BC70F7E00803DA2 /* Frameworks */ = {
			isa = PBXFrameworksBuildPhase;
			buildActionMask = 2147483647;
			files = (
				8FCBE19B8D9B8699E6A50C98 /* Pods_Nasa.framework in Frameworks */,
			);
			runOnlyForDeploymentPostprocessing = 0;
		};
		0B7D90B12BC70F8000803DA2 /* Frameworks */ = {
			isa = PBXFrameworksBuildPhase;
			buildActionMask = 2147483647;
			files = (
				175AF14BF07B336B2310FF00 /* Pods_NasaTests.framework in Frameworks */,
			);
			runOnlyForDeploymentPostprocessing = 0;
		};
		0B7D90BB2BC70F8000803DA2 /* Frameworks */ = {
			isa = PBXFrameworksBuildPhase;
			buildActionMask = 2147483647;
			files = (
				B7C63EEA1DDE45CE7CEC6084 /* Pods_Nasa_NasaUITests.framework in Frameworks */,
			);
			runOnlyForDeploymentPostprocessing = 0;
		};
/* End PBXFrameworksBuildPhase section */

/* Begin PBXGroup section */
		0B7D909A2BC70F7E00803DA2 = {
			isa = PBXGroup;
			children = (
				0B7D90A52BC70F7E00803DA2 /* Nasa */,
				0B7D90B72BC70F8000803DA2 /* NasaTests */,
				0B7D90C12BC70F8000803DA2 /* NasaUITests */,
				0B7D90A42BC70F7E00803DA2 /* Products */,
				5444796225AF03B61A98C571 /* Pods */,
				24B816E11E826FB15A4FB1AB /* Frameworks */,
			);
			sourceTree = "<group>";
		};
		0B7D90A42BC70F7E00803DA2 /* Products */ = {
			isa = PBXGroup;
			children = (
				0B7D90A32BC70F7E00803DA2 /* Nasa.app */,
				0B7D90B42BC70F8000803DA2 /* NasaTests.xctest */,
				0B7D90BE2BC70F8000803DA2 /* NasaUITests.xctest */,
			);
			name = Products;
			sourceTree = "<group>";
		};
		0B7D90A52BC70F7E00803DA2 /* Nasa */ = {
			isa = PBXGroup;
			children = (
				0B7D90A62BC70F7E00803DA2 /* NasaApp.swift */,
				0B7D90A82BC70F7E00803DA2 /* ContentView.swift */,
				0B7D90AA2BC70F8000803DA2 /* Assets.xcassets */,
				0B7D90AC2BC70F8000803DA2 /* Nasa.entitlements */,
				0B7D90AD2BC70F8000803DA2 /* Preview Content */,
			);
			path = Nasa;
			sourceTree = "<group>";
		};
		0B7D90AD2BC70F8000803DA2 /* Preview Content */ = {
			isa = PBXGroup;
			children = (
				0B7D90AE2BC70F8000803DA2 /* Preview Assets.xcassets */,
			);
			path = "Preview Content";
			sourceTree = "<group>";
		};
		0B7D90B72BC70F8000803DA2 /* NasaTests */ = {
			isa = PBXGroup;
			children = (
				0B7D90B82BC70F8000803DA2 /* NasaTests.swift */,
			);
			path = NasaTests;
			sourceTree = "<group>";
		};
		0B7D90C12BC70F8000803DA2 /* NasaUITests */ = {
			isa = PBXGroup;
			children = (
				0B7D90C22BC70F8000803DA2 /* NasaUITests.swift */,
				0B7D90C42BC70F8000803DA2 /* NasaUITestsLaunchTests.swift */,
			);
			path = NasaUITests;
			sourceTree = "<group>";
		};
		24B816E11E826FB15A4FB1AB /* Frameworks */ = {
			isa = PBXGroup;
			children = (
				5D2B01B6B8EAAC6EF15267A4 /* Pods_Nasa.framework */,
				744B0B88B31A56BC022412D4 /* Pods_Nasa_NasaUITests.framework */,
				698E390DB539141E0EA9E8A5 /* Pods_NasaTests.framework */,
			);
			name = Frameworks;
			sourceTree = "<group>";
		};
		5444796225AF03B61A98C571 /* Pods */ = {
			isa = PBXGroup;
			children = (
				219ECF2C08BA8EC444000D5C /* Pods-Nasa.debug.xcconfig */,
				0868A1E344E394E931F5615C /* Pods-Nasa.release.xcconfig */,
				C519BD843E8D3737618DB28B /* Pods-Nasa-NasaUITests.debug.xcconfig */,
				58F4EA7CDCF57E6DAA156A02 /* Pods-Nasa-NasaUITests.release.xcconfig */,
				433B9033A29D47392082E9CC /* Pods-NasaTests.debug.xcconfig */,
				DAAD0239501EAF4D634ABA9E /* Pods-NasaTests.release.xcconfig */,
			);
			path = Pods;
			sourceTree = "<group>";
		};
/* End PBXGroup section */

/* Begin PBXNativeTarget section */
		0B7D90A22BC70F7E00803DA2 /* Nasa */ = {
			isa = PBXNativeTarget;
			buildConfigurationList = 0B7D90C82BC70F8000803DA2 /* Build configuration list for PBXNativeTarget "Nasa" */;
			buildPhases = (
				98078C95D1482997479376E6 /* [CP] Check Pods Manifest.lock */,
				0B7D909F2BC70F7E00803DA2 /* Sources */,
				0B7D90A02BC70F7E00803DA2 /* Frameworks */,
				0B7D90A12BC70F7E00803DA2 /* Resources */,
			);
			buildRules = (
			);
			dependencies = (
			);
			name = Nasa;
			productName = Nasa;
			productReference = 0B7D90A32BC70F7E00803DA2 /* Nasa.app */;
			productType = "com.apple.product-type.application";
		};
		0B7D90B32BC70F8000803DA2 /* NasaTests */ = {
			isa = PBXNativeTarget;
			buildConfigurationList = 0B7D90CB2BC70F8000803DA2 /* Build configuration list for PBXNativeTarget "NasaTests" */;
			buildPhases = (
				26FCC2DFD09A6EBCF1EEB19E /* [CP] Check Pods Manifest.lock */,
				0B7D90B02BC70F8000803DA2 /* Sources */,
				0B7D90B12BC70F8000803DA2 /* Frameworks */,
				0B7D90B22BC70F8000803DA2 /* Resources */,
			);
			buildRules = (
			);
			dependencies = (
				0B7D90B62BC70F8000803DA2 /* PBXTargetDependency */,
			);
			name = NasaTests;
			productName = NasaTests;
			productReference = 0B7D90B42BC70F8000803DA2 /* NasaTests.xctest */;
			productType = "com.apple.product-type.bundle.unit-test";
		};
		0B7D90BD2BC70F8000803DA2 /* NasaUITests */ = {
			isa = PBXNativeTarget;
			buildConfigurationList = 0B7D90CE2BC70F8000803DA2 /* Build configuration list for PBXNativeTarget "NasaUITests" */;
			buildPhases = (
				46AF88E2FB2326BAF227ACE7 /* [CP] Check Pods Manifest.lock */,
				0B7D90BA2BC70F8000803DA2 /* Sources */,
				0B7D90BB2BC70F8000803DA2 /* Frameworks */,
				0B7D90BC2BC70F8000803DA2 /* Resources */,
			);
			buildRules = (
			);
			dependencies = (
				0B7D90C02BC70F8000803DA2 /* PBXTargetDependency */,
			);
			name = NasaUITests;
			productName = NasaUITests;
			productReference = 0B7D90BE2BC70F8000803DA2 /* NasaUITests.xctest */;
			productType = "com.apple.product-type.bundle.ui-testing";
		};
/* End PBXNativeTarget section */

/* Begin PBXProject section */
		0B7D909B2BC70F7E00803DA2 /* Project object */ = {
			isa = PBXProject;
			attributes = {
				BuildIndependentTargetsInParallel = 1;
				LastSwiftUpdateCheck = 1420;
				LastUpgradeCheck = 1420;
				TargetAttributes = {
					0B7D90A22BC70F7E00803DA2 = {
						CreatedOnToolsVersion = 14.2;
					};
					0B7D90B32BC70F8000803DA2 = {
						CreatedOnToolsVersion = 14.2;
						TestTargetID = 0B7D90A22BC70F7E00803DA2;
					};
					0B7D90BD2BC70F8000803DA2 = {
						CreatedOnToolsVersion = 14.2;
						TestTargetID = 0B7D90A22BC70F7E00803DA2;
					};
				};
			};
			buildConfigurationList = 0B7D909E2BC70F7E00803DA2 /* Build configuration list for PBXProject "Nasa" */;
			compatibilityVersion = "Xcode 14.0";
			developmentRegion = en;
			hasScannedForEncodings = 0;
			knownRegions = (
				en,
				Base,
			);
			mainGroup = 0B7D909A2BC70F7E00803DA2;
			productRefGroup = 0B7D90A42BC70F7E00803DA2 /* Products */;
			projectDirPath = "";
			projectRoot = "";
			targets = (
				0B7D90A22BC70F7E00803DA2 /* Nasa */,
				0B7D90B32BC70F8000803DA2 /* NasaTests */,
				0B7D90BD2BC70F8000803DA2 /* NasaUITests */,
			);
		};
/* End PBXProject section */

/* Begin PBXResourcesBuildPhase section */
		0B7D90A12BC70F7E00803DA2 /* Resources */ = {
			isa = PBXResourcesBuildPhase;
			buildActionMask = 2147483647;
			files = (
				0B7D90AF2BC70F8000803DA2 /* Preview Assets.xcassets in Resources */,
				0B7D90AB2BC70F8000803DA2 /* Assets.xcassets in Resources */,
			);
			runOnlyForDeploymentPostprocessing = 0;
		};
		0B7D90B22BC70F8000803DA2 /* Resources */ = {
			isa = PBXResourcesBuildPhase;
			buildActionMask = 2147483647;
			files = (
			);
			runOnlyForDeploymentPostprocessing = 0;
		};
		0B7D90BC2BC70F8000803DA2 /* Resources */ = {
			isa = PBXResourcesBuildPhase;
			buildActionMask = 2147483647;
			files = (
			);
			runOnlyForDeploymentPostprocessing = 0;
		};
/* End PBXResourcesBuildPhase section */

/* Begin PBXShellScriptBuildPhase section */
		26FCC2DFD09A6EBCF1EEB19E /* [CP] Check Pods Manifest.lock */ = {
			isa = PBXShellScriptBuildPhase;
			buildActionMask = 2147483647;
			files = (
			);
			inputFileListPaths = (
			);
			inputPaths = (
				"${PODS_PODFILE_DIR_PATH}/Podfile.lock",
				"${PODS_ROOT}/Manifest.lock",
			);
			name = "[CP] Check Pods Manifest.lock";
			outputFileListPaths = (
			);
			outputPaths = (
				"$(DERIVED_FILE_DIR)/Pods-NasaTests-checkManifestLockResult.txt",
			);
			runOnlyForDeploymentPostprocessing = 0;
			shellPath = /bin/sh;
			shellScript = "diff \"${PODS_PODFILE_DIR_PATH}/Podfile.lock\" \"${PODS_ROOT}/Manifest.lock\" > /dev/null\nif [ $? != 0 ] ; then\n    # print error to STDERR\n    echo \"error: The sandbox is not in sync with the Podfile.lock. Run 'pod install' or update your CocoaPods installation.\" >&2\n    exit 1\nfi\n# This output is used by Xcode 'outputs' to avoid re-running this script phase.\necho \"SUCCESS\" > \"${SCRIPT_OUTPUT_FILE_0}\"\n";
			showEnvVarsInLog = 0;
		};
		46AF88E2FB2326BAF227ACE7 /* [CP] Check Pods Manifest.lock */ = {
			isa = PBXShellScriptBuildPhase;
			buildActionMask = 2147483647;
			files = (
			);
			inputFileListPaths = (
			);
			inputPaths = (
				"${PODS_PODFILE_DIR_PATH}/Podfile.lock",
				"${PODS_ROOT}/Manifest.lock",
			);
			name = "[CP] Check Pods Manifest.lock";
			outputFileListPaths = (
			);
			outputPaths = (
				"$(DERIVED_FILE_DIR)/Pods-Nasa-NasaUITests-checkManifestLockResult.txt",
			);
			runOnlyForDeploymentPostprocessing = 0;
			shellPath = /bin/sh;
			shellScript = "diff \"${PODS_PODFILE_DIR_PATH}/Podfile.lock\" \"${PODS_ROOT}/Manifest.lock\" > /dev/null\nif [ $? != 0 ] ; then\n    # print error to STDERR\n    echo \"error: The sandbox is not in sync with the Podfile.lock. Run 'pod install' or update your CocoaPods installation.\" >&2\n    exit 1\nfi\n# This output is used by Xcode 'outputs' to avoid re-running this script phase.\necho \"SUCCESS\" > \"${SCRIPT_OUTPUT_FILE_0}\"\n";
			showEnvVarsInLog = 0;
		};
		98078C95D1482997479376E6 /* [CP] Check Pods Manifest.lock */ = {
			isa = PBXShellScriptBuildPhase;
			buildActionMask = 2147483647;
			files = (
			);
			inputFileListPaths = (
			);
			inputPaths = (
				"${PODS_PODFILE_DIR_PATH}/Podfile.lock",
				"${PODS_ROOT}/Manifest.lock",
			);
			name = "[CP] Check Pods Manifest.lock";
			outputFileListPaths = (
			);
			outputPaths = (
				"$(DERIVED_FILE_DIR)/Pods-Nasa-checkManifestLockResult.txt",
			);
			runOnlyForDeploymentPostprocessing = 0;
			shellPath = /bin/sh;
			shellScript = "diff \"${PODS_PODFILE_DIR_PATH}/Podfile.lock\" \"${PODS_ROOT}/Manifest.lock\" > /dev/null\nif [ $? != 0 ] ; then\n    # print error to STDERR\n    echo \"error: The sandbox is not in sync with the Podfile.lock. Run 'pod install' or update your CocoaPods installation.\" >&2\n    exit 1\nfi\n# This output is used by Xcode 'outputs' to avoid re-running this script phase.\necho \"SUCCESS\" > \"${SCRIPT_OUTPUT_FILE_0}\"\n";
			showEnvVarsInLog = 0;
		};
/* End PBXShellScriptBuildPhase section */

/* Begin PBXSourcesBuildPhase section */
		0B7D909F2BC70F7E00803DA2 /* Sources */ = {
			isa = PBXSourcesBuildPhase;
			buildActionMask = 2147483647;
			files = (
				0B7D90A92BC70F7E00803DA2 /* ContentView.swift in Sources */,
				0B7D90A72BC70F7E00803DA2 /* NasaApp.swift in Sources */,
			);
			runOnlyForDeploymentPostprocessing = 0;
		};
		0B7D90B02BC70F8000803DA2 /* Sources */ = {
			isa = PBXSourcesBuildPhase;
			buildActionMask = 2147483647;
			files = (
				0B7D90B92BC70F8000803DA2 /* NasaTests.swift in Sources */,
			);
			runOnlyForDeploymentPostprocessing = 0;
		};
		0B7D90BA2BC70F8000803DA2 /* Sources */ = {
			isa = PBXSourcesBuildPhase;
			buildActionMask = 2147483647;
			files = (
				0B7D90C32BC70F8000803DA2 /* NasaUITests.swift in Sources */,
				0B7D90C52BC70F8000803DA2 /* NasaUITestsLaunchTests.swift in Sources */,
			);
			runOnlyForDeploymentPostprocessing = 0;
		};
/* End PBXSourcesBuildPhase section */

/* Begin PBXTargetDependency section */
		0B7D90B62BC70F8000803DA2 /* PBXTargetDependency */ = {
			isa = PBXTargetDependency;
			target = 0B7D90A22BC70F7E00803DA2 /* Nasa */;
			targetProxy = 0B7D90B52BC70F8000803DA2 /* PBXContainerItemProxy */;
		};
		0B7D90C02BC70F8000803DA2 /* PBXTargetDependency */ = {
			isa = PBXTargetDependency;
			target = 0B7D90A22BC70F7E00803DA2 /* Nasa */;
			targetProxy = 0B7D90BF2BC70F8000803DA2 /* PBXContainerItemProxy */;
		};
/* End PBXTargetDependency section */

/* Begin XCBuildConfiguration section */
		0B7D90C62BC70F8000803DA2 /* Debug */ = {
			isa = XCBuildConfiguration;
			buildSettings = {
				ALWAYS_SEARCH_USER_PATHS = NO;
				CLANG_ANALYZER_NONNULL = YES;
				CLANG_ANALYZER_NUMBER_OBJECT_CONVERSION = YES_AGGRESSIVE;
				CLANG_CXX_LANGUAGE_STANDARD = "gnu++20";
				CLANG_ENABLE_MODULES = YES;
				CLANG_ENABLE_OBJC_ARC = YES;
				CLANG_ENABLE_OBJC_WEAK = YES;
				CLANG_WARN_BLOCK_CAPTURE_AUTORELEASING = YES;
				CLANG_WARN_BOOL_CONVERSION = YES;
				CLANG_WARN_COMMA = YES;
				CLANG_WARN_CONSTANT_CONVERSION = YES;
				CLANG_WARN_DEPRECATED_OBJC_IMPLEMENTATIONS = YES;
				CLANG_WARN_DIRECT_OBJC_ISA_USAGE = YES_ERROR;
				CLANG_WARN_DOCUMENTATION_COMMENTS = YES;
				CLANG_WARN_EMPTY_BODY = YES;
				CLANG_WARN_ENUM_CONVERSION = YES;
				CLANG_WARN_INFINITE_RECURSION = YES;
				CLANG_WARN_INT_CONVERSION = YES;
				CLANG_WARN_NON_LITERAL_NULL_CONVERSION = YES;
				CLANG_WARN_OBJC_IMPLICIT_RETAIN_SELF = YES;
				CLANG_WARN_OBJC_LITERAL_CONVERSION = YES;
				CLANG_WARN_OBJC_ROOT_CLASS = YES_ERROR;
				CLANG_WARN_QUOTED_INCLUDE_IN_FRAMEWORK_HEADER = YES;
				CLANG_WARN_RANGE_LOOP_ANALYSIS = YES;
				CLANG_WARN_STRICT_PROTOTYPES = YES;
				CLANG_WARN_SUSPICIOUS_MOVE = YES;
				CLANG_WARN_UNGUARDED_AVAILABILITY = YES_AGGRESSIVE;
				CLANG_WARN_UNREACHABLE_CODE = YES;
				CLANG_WARN__DUPLICATE_METHOD_MATCH = YES;
				COPY_PHASE_STRIP = NO;
				DEBUG_INFORMATION_FORMAT = dwarf;
				ENABLE_STRICT_OBJC_MSGSEND = YES;
				ENABLE_TESTABILITY = YES;
				GCC_C_LANGUAGE_STANDARD = gnu11;
				GCC_DYNAMIC_NO_PIC = NO;
				GCC_NO_COMMON_BLOCKS = YES;
				GCC_OPTIMIZATION_LEVEL = 0;
				GCC_PREPROCESSOR_DEFINITIONS = (
					"DEBUG=1",
					"$(inherited)",
				);
				GCC_WARN_64_TO_32_BIT_CONVERSION = YES;
				GCC_WARN_ABOUT_RETURN_TYPE = YES_ERROR;
				GCC_WARN_UNDECLARED_SELECTOR = YES;
				GCC_WARN_UNINITIALIZED_AUTOS = YES_AGGRESSIVE;
				GCC_WARN_UNUSED_FUNCTION = YES;
				GCC_WARN_UNUSED_VARIABLE = YES;
				MTL_ENABLE_DEBUG_INFO = INCLUDE_SOURCE;
				MTL_FAST_MATH = YES;
				ONLY_ACTIVE_ARCH = YES;
				SWIFT_ACTIVE_COMPILATION_CONDITIONS = DEBUG;
				SWIFT_OPTIMIZATION_LEVEL = "-Onone";
			};
			name = Debug;
		};
		0B7D90C72BC70F8000803DA2 /* Release */ = {
			isa = XCBuildConfiguration;
			buildSettings = {
				ALWAYS_SEARCH_USER_PATHS = NO;
				CLANG_ANALYZER_NONNULL = YES;
				CLANG_ANALYZER_NUMBER_OBJECT_CONVERSION = YES_AGGRESSIVE;
				CLANG_CXX_LANGUAGE_STANDARD = "gnu++20";
				CLANG_ENABLE_MODULES = YES;
				CLANG_ENABLE_OBJC_ARC = YES;
				CLANG_ENABLE_OBJC_WEAK = YES;
				CLANG_WARN_BLOCK_CAPTURE_AUTORELEASING = YES;
				CLANG_WARN_BOOL_CONVERSION = YES;
				CLANG_WARN_COMMA = YES;
				CLANG_WARN_CONSTANT_CONVERSION = YES;
				CLANG_WARN_DEPRECATED_OBJC_IMPLEMENTATIONS = YES;
				CLANG_WARN_DIRECT_OBJC_ISA_USAGE = YES_ERROR;
				CLANG_WARN_DOCUMENTATION_COMMENTS = YES;
				CLANG_WARN_EMPTY_BODY = YES;
				CLANG_WARN_ENUM_CONVERSION = YES;
				CLANG_WARN_INFINITE_RECURSION = YES;
				CLANG_WARN_INT_CONVERSION = YES;
				CLANG_WARN_NON_LITERAL_NULL_CONVERSION = YES;
				CLANG_WARN_OBJC_IMPLICIT_RETAIN_SELF = YES;
				CLANG_WARN_OBJC_LITERAL_CONVERSION = YES;
				CLANG_WARN_OBJC_ROOT_CLASS = YES_ERROR;
				CLANG_WARN_QUOTED_INCLUDE_IN_FRAMEWORK_HEADER = YES;
				CLANG_WARN_RANGE_LOOP_ANALYSIS = YES;
				CLANG_WARN_STRICT_PROTOTYPES = YES;
				CLANG_WARN_SUSPICIOUS_MOVE = YES;
				CLANG_WARN_UNGUARDED_AVAILABILITY = YES_AGGRESSIVE;
				CLANG_WARN_UNREACHABLE_CODE = YES;
				CLANG_WARN__DUPLICATE_METHOD_MATCH = YES;
				COPY_PHASE_STRIP = NO;
				DEBUG_INFORMATION_FORMAT = "dwarf-with-dsym";
				ENABLE_NS_ASSERTIONS = NO;
				ENABLE_STRICT_OBJC_MSGSEND = YES;
				GCC_C_LANGUAGE_STANDARD = gnu11;
				GCC_NO_COMMON_BLOCKS = YES;
				GCC_WARN_64_TO_32_BIT_CONVERSION = YES;
				GCC_WARN_ABOUT_RETURN_TYPE = YES_ERROR;
				GCC_WARN_UNDECLARED_SELECTOR = YES;
				GCC_WARN_UNINITIALIZED_AUTOS = YES_AGGRESSIVE;
				GCC_WARN_UNUSED_FUNCTION = YES;
				GCC_WARN_UNUSED_VARIABLE = YES;
				MTL_ENABLE_DEBUG_INFO = NO;
				MTL_FAST_MATH = YES;
				SWIFT_COMPILATION_MODE = wholemodule;
				SWIFT_OPTIMIZATION_LEVEL = "-O";
			};
			name = Release;
		};
		0B7D90C92BC70F8000803DA2 /* Debug */ = {
			isa = XCBuildConfiguration;
			baseConfigurationReference = 219ECF2C08BA8EC444000D5C /* Pods-Nasa.debug.xcconfig */;
			buildSettings = {
				ASSETCATALOG_COMPILER_APPICON_NAME = AppIcon;
				ASSETCATALOG_COMPILER_GLOBAL_ACCENT_COLOR_NAME = AccentColor;
				CODE_SIGN_ENTITLEMENTS = Nasa/Nasa.entitlements;
				"CODE_SIGN_IDENTITY[sdk=macosx*]" = "-";
				CODE_SIGN_STYLE = Manual;
				CURRENT_PROJECT_VERSION = 1;
				DEVELOPMENT_ASSET_PATHS = "\"Nasa/Preview Content\"";
				DEVELOPMENT_TEAM = UMZL9UV4T7;
				ENABLE_HARDENED_RUNTIME = YES;
				ENABLE_PREVIEWS = YES;
				GENERATE_INFOPLIST_FILE = YES;
				"INFOPLIST_KEY_UIApplicationSceneManifest_Generation[sdk=iphoneos*]" = YES;
				"INFOPLIST_KEY_UIApplicationSceneManifest_Generation[sdk=iphonesimulator*]" = YES;
				"INFOPLIST_KEY_UIApplicationSupportsIndirectInputEvents[sdk=iphoneos*]" = YES;
				"INFOPLIST_KEY_UIApplicationSupportsIndirectInputEvents[sdk=iphonesimulator*]" = YES;
				"INFOPLIST_KEY_UILaunchScreen_Generation[sdk=iphoneos*]" = YES;
				"INFOPLIST_KEY_UILaunchScreen_Generation[sdk=iphonesimulator*]" = YES;
				"INFOPLIST_KEY_UIStatusBarStyle[sdk=iphoneos*]" = UIStatusBarStyleDefault;
				"INFOPLIST_KEY_UIStatusBarStyle[sdk=iphonesimulator*]" = UIStatusBarStyleDefault;
				INFOPLIST_KEY_UISupportedInterfaceOrientations_iPad = "UIInterfaceOrientationPortrait UIInterfaceOrientationPortraitUpsideDown UIInterfaceOrientationLandscapeLeft UIInterfaceOrientationLandscapeRight";
				INFOPLIST_KEY_UISupportedInterfaceOrientations_iPhone = "UIInterfaceOrientationPortrait UIInterfaceOrientationLandscapeLeft UIInterfaceOrientationLandscapeRight";
				IPHONEOS_DEPLOYMENT_TARGET = 16.2;
				LD_RUNPATH_SEARCH_PATHS = "@executable_path/Frameworks";
				"LD_RUNPATH_SEARCH_PATHS[sdk=macosx*]" = "@executable_path/../Frameworks";
				MACOSX_DEPLOYMENT_TARGET = 13.1;
				MARKETING_VERSION = 1.0;
				PRODUCT_BUNDLE_IDENTIFIER = com.nagumo.Nasa;
				PRODUCT_NAME = "$(TARGET_NAME)";
				SDKROOT = auto;
				SUPPORTED_PLATFORMS = "iphoneos iphonesimulator macosx";
				SWIFT_EMIT_LOC_STRINGS = YES;
				SWIFT_VERSION = 5.0;
				TARGETED_DEVICE_FAMILY = "1,2";
			};
			name = Debug;
		};
		0B7D90CA2BC70F8000803DA2 /* Release */ = {
			isa = XCBuildConfiguration;
			baseConfigurationReference = 0868A1E344E394E931F5615C /* Pods-Nasa.release.xcconfig */;
			buildSettings = {
				ASSETCATALOG_COMPILER_APPICON_NAME = AppIcon;
				ASSETCATALOG_COMPILER_GLOBAL_ACCENT_COLOR_NAME = AccentColor;
				CODE_SIGN_ENTITLEMENTS = Nasa/Nasa.entitlements;
				"CODE_SIGN_IDENTITY[sdk=macosx*]" = "-";
				CODE_SIGN_STYLE = Manual;
				CURRENT_PROJECT_VERSION = 1;
				DEVELOPMENT_ASSET_PATHS = "\"Nasa/Preview Content\"";
				DEVELOPMENT_TEAM = UMZL9UV4T7;
				ENABLE_HARDENED_RUNTIME = YES;
				ENABLE_PREVIEWS = YES;
				GENERATE_INFOPLIST_FILE = YES;
				"INFOPLIST_KEY_UIApplicationSceneManifest_Generation[sdk=iphoneos*]" = YES;
				"INFOPLIST_KEY_UIApplicationSceneManifest_Generation[sdk=iphonesimulator*]" = YES;
				"INFOPLIST_KEY_UIApplicationSupportsIndirectInputEvents[sdk=iphoneos*]" = YES;
				"INFOPLIST_KEY_UIApplicationSupportsIndirectInputEvents[sdk=iphonesimulator*]" = YES;
				"INFOPLIST_KEY_UILaunchScreen_Generation[sdk=iphoneos*]" = YES;
				"INFOPLIST_KEY_UILaunchScreen_Generation[sdk=iphonesimulator*]" = YES;
				"INFOPLIST_KEY_UIStatusBarStyle[sdk=iphoneos*]" = UIStatusBarStyleDefault;
				"INFOPLIST_KEY_UIStatusBarStyle[sdk=iphonesimulator*]" = UIStatusBarStyleDefault;
				INFOPLIST_KEY_UISupportedInterfaceOrientations_iPad = "UIInterfaceOrientationPortrait UIInterfaceOrientationPortraitUpsideDown UIInterfaceOrientationLandscapeLeft UIInterfaceOrientationLandscapeRight";
				INFOPLIST_KEY_UISupportedInterfaceOrientations_iPhone = "UIInterfaceOrientationPortrait UIInterfaceOrientationLandscapeLeft UIInterfaceOrientationLandscapeRight";
				IPHONEOS_DEPLOYMENT_TARGET = 16.2;
				LD_RUNPATH_SEARCH_PATHS = "@executable_path/Frameworks";
				"LD_RUNPATH_SEARCH_PATHS[sdk=macosx*]" = "@executable_path/../Frameworks";
				MACOSX_DEPLOYMENT_TARGET = 13.1;
				MARKETING_VERSION = 1.0;
				PRODUCT_BUNDLE_IDENTIFIER = com.nagumo.Nasa;
				PRODUCT_NAME = "$(TARGET_NAME)";
				SDKROOT = auto;
				SUPPORTED_PLATFORMS = "iphoneos iphonesimulator macosx";
				SWIFT_EMIT_LOC_STRINGS = YES;
				SWIFT_VERSION = 5.0;
				TARGETED_DEVICE_FAMILY = "1,2";
			};
			name = Release;
		};
		0B7D90CC2BC70F8000803DA2 /* Debug */ = {
			isa = XCBuildConfiguration;
			baseConfigurationReference = 433B9033A29D47392082E9CC /* Pods-NasaTests.debug.xcconfig */;
			buildSettings = {
				ALWAYS_EMBED_SWIFT_STANDARD_LIBRARIES = YES;
				BUNDLE_LOADER = "$(TEST_HOST)";
				CODE_SIGN_STYLE = Automatic;
				CURRENT_PROJECT_VERSION = 1;
				DEVELOPMENT_TEAM = UMZL9UV4T7;
				GENERATE_INFOPLIST_FILE = YES;
				IPHONEOS_DEPLOYMENT_TARGET = 16.2;
				MACOSX_DEPLOYMENT_TARGET = 13.1;
				MARKETING_VERSION = 1.0;
				PRODUCT_BUNDLE_IDENTIFIER = com.nagumo.NasaTests;
				PRODUCT_NAME = "$(TARGET_NAME)";
				SDKROOT = auto;
				SUPPORTED_PLATFORMS = "iphoneos iphonesimulator macosx";
				SWIFT_EMIT_LOC_STRINGS = NO;
				SWIFT_VERSION = 5.0;
				TARGETED_DEVICE_FAMILY = "1,2";
				TEST_HOST = "$(BUILT_PRODUCTS_DIR)/Nasa.app/$(BUNDLE_EXECUTABLE_FOLDER_PATH)/Nasa";
			};
			name = Debug;
		};
		0B7D90CD2BC70F8000803DA2 /* Release */ = {
			isa = XCBuildConfiguration;
			baseConfigurationReference = DAAD0239501EAF4D634ABA9E /* Pods-NasaTests.release.xcconfig */;
			buildSettings = {
				ALWAYS_EMBED_SWIFT_STANDARD_LIBRARIES = YES;
				BUNDLE_LOADER = "$(TEST_HOST)";
				CODE_SIGN_STYLE = Automatic;
				CURRENT_PROJECT_VERSION = 1;
				DEVELOPMENT_TEAM = UMZL9UV4T7;
				GENERATE_INFOPLIST_FILE = YES;
				IPHONEOS_DEPLOYMENT_TARGET = 16.2;
				MACOSX_DEPLOYMENT_TARGET = 13.1;
				MARKETING_VERSION = 1.0;
				PRODUCT_BUNDLE_IDENTIFIER = com.nagumo.NasaTests;
				PRODUCT_NAME = "$(TARGET_NAME)";
				SDKROOT = auto;
				SUPPORTED_PLATFORMS = "iphoneos iphonesimulator macosx";
				SWIFT_EMIT_LOC_STRINGS = NO;
				SWIFT_VERSION = 5.0;
				TARGETED_DEVICE_FAMILY = "1,2";
				TEST_HOST = "$(BUILT_PRODUCTS_DIR)/Nasa.app/$(BUNDLE_EXECUTABLE_FOLDER_PATH)/Nasa";
			};
			name = Release;
		};
		0B7D90CF2BC70F8000803DA2 /* Debug */ = {
			isa = XCBuildConfiguration;
			baseConfigurationReference = C519BD843E8D3737618DB28B /* Pods-Nasa-NasaUITests.debug.xcconfig */;
			buildSettings = {
				ALWAYS_EMBED_SWIFT_STANDARD_LIBRARIES = YES;
				CODE_SIGN_STYLE = Automatic;
				CURRENT_PROJECT_VERSION = 1;
				DEVELOPMENT_TEAM = UMZL9UV4T7;
				GENERATE_INFOPLIST_FILE = YES;
				IPHONEOS_DEPLOYMENT_TARGET = 16.2;
				MACOSX_DEPLOYMENT_TARGET = 13.1;
				MARKETING_VERSION = 1.0;
				PRODUCT_BUNDLE_IDENTIFIER = com.nagumo.NasaUITests;
				PRODUCT_NAME = "$(TARGET_NAME)";
				SDKROOT = auto;
				SUPPORTED_PLATFORMS = "iphoneos iphonesimulator macosx";
				SWIFT_EMIT_LOC_STRINGS = NO;
				SWIFT_VERSION = 5.0;
				TARGETED_DEVICE_FAMILY = "1,2";
				TEST_TARGET_NAME = Nasa;
			};
			name = Debug;
		};
		0B7D90D02BC70F8000803DA2 /* Release */ = {
			isa = XCBuildConfiguration;
			baseConfigurationReference = 58F4EA7CDCF57E6DAA156A02 /* Pods-Nasa-NasaUITests.release.xcconfig */;
			buildSettings = {
				ALWAYS_EMBED_SWIFT_STANDARD_LIBRARIES = YES;
				CODE_SIGN_STYLE = Automatic;
				CURRENT_PROJECT_VERSION = 1;
				DEVELOPMENT_TEAM = UMZL9UV4T7;
				GENERATE_INFOPLIST_FILE = YES;
				IPHONEOS_DEPLOYMENT_TARGET = 16.2;
				MACOSX_DEPLOYMENT_TARGET = 13.1;
				MARKETING_VERSION = 1.0;
				PRODUCT_BUNDLE_IDENTIFIER = com.nagumo.NasaUITests;
				PRODUCT_NAME = "$(TARGET_NAME)";
				SDKROOT = auto;
				SUPPORTED_PLATFORMS = "iphoneos iphonesimulator macosx";
				SWIFT_EMIT_LOC_STRINGS = NO;
				SWIFT_VERSION = 5.0;
				TARGETED_DEVICE_FAMILY = "1,2";
				TEST_TARGET_NAME = Nasa;
			};
			name = Release;
		};
/* End XCBuildConfiguration section */

/* Begin XCConfigurationList section */
		0B7D909E2BC70F7E00803DA2 /* Build configuration list for PBXProject "Nasa" */ = {
			isa = XCConfigurationList;
			buildConfigurations = (
				0B7D90C62BC70F8000803DA2 /* Debug */,
				0B7D90C72BC70F8000803DA2 /* Release */,
			);
			defaultConfigurationIsVisible = 0;
			defaultConfigurationName = Release;
		};
		0B7D90C82BC70F8000803DA2 /* Build configuration list for PBXNativeTarget "Nasa" */ = {
			isa = XCConfigurationList;
			buildConfigurations = (
				0B7D90C92BC70F8000803DA2 /* Debug */,
				0B7D90CA2BC70F8000803DA2 /* Release */,
			);
			defaultConfigurationIsVisible = 0;
			defaultConfigurationName = Release;
		};
		0B7D90CB2BC70F8000803DA2 /* Build configuration list for PBXNativeTarget "NasaTests" */ = {
			isa = XCConfigurationList;
			buildConfigurations = (
				0B7D90CC2BC70F8000803DA2 /* Debug */,
				0B7D90CD2BC70F8000803DA2 /* Release */,
			);
			defaultConfigurationIsVisible = 0;
			defaultConfigurationName = Release;
		};
		0B7D90CE2BC70F8000803DA2 /* Build configuration list for PBXNativeTarget "NasaUITests" */ = {
			isa = XCConfigurationList;
			buildConfigurations = (
				0B7D90CF2BC70F8000803DA2 /* Debug */,
				0B7D90D02BC70F8000803DA2 /* Release */,
			);
			defaultConfigurationIsVisible = 0;
			defaultConfigurationName = Release;
		};
/* End XCConfigurationList section */
	};
	rootObject = 0B7D909B2BC70F7E00803DA2 /* Project object */;
}
